
Microsoft Visual Studio Solution File, Format Version 12.00
# Visual Studio 15
VisualStudioVersion = 15.0.27004.2005
MinimumVisualStudioVersion = 10.0.40219.1
Project("{FAE04EC0-301F-11D3-BF4B-00C04F79EFBC}") = "0.Thomerson.DesignPattern", "Thomerson.DesignPattern\0.Thomerson.DesignPattern.csproj", "{DE37F0CD-851B-4CEB-80F2-66755039459A}"
EndProject
Project("{FAE04EC0-301F-11D3-BF4B-00C04F79EFBC}") = "1.单例模式", "单例模式\1.单例模式.csproj", "{45EDFDB6-7BE8-4DB4-B0E9-93BE89BC3B25}"
EndProject
Project("{FAE04EC0-301F-11D3-BF4B-00C04F79EFBC}") = "2.简单工厂模式", "简单工厂模式\2.简单工厂模式.csproj", "{D8378535-0AD4-4F26-8A8D-3CFD1F59BD1F}"
EndProject
Project("{FAE04EC0-301F-11D3-BF4B-00C04F79EFBC}") = "3.工厂方法模式", "工厂方法模式\3.工厂方法模式.csproj", "{06123320-D1A6-41EE-902D-EEA07834948A}"
EndProject
Global
	GlobalSection(SolutionConfigurationPlatforms) = preSolution
		Debug|Any CPU = Debug|Any CPU
		Release|Any CPU = Release|Any CPU
	EndGlobalSection
	GlobalSection(ProjectConfigurationPlatforms) = postSolution
		{DE37F0CD-851B-4CEB-80F2-66755039459A}.Debug|Any CPU.ActiveCfg = Debug|Any CPU
		{DE37F0CD-851B-4CEB-80F2-66755039459A}.Debug|Any CPU.Build.0 = Debug|Any CPU
		{DE37F0CD-851B-4CEB-80F2-66755039459A}.Release|Any CPU.ActiveCfg = Release|Any CPU
		{DE37F0CD-851B-4CEB-80F2-66755039459A}.Release|Any CPU.Build.0 = Release|Any CPU
		{45EDFDB6-7BE8-4DB4-B0E9-93BE89BC3B25}.Debug|Any CPU.ActiveCfg = Debug|Any CPU
		{45EDFDB6-7BE8-4DB4-B0E9-93BE89BC3B25}.Debug|Any CPU.Build.0 = Debug|Any CPU
		{45EDFDB6-7BE8-4DB4-B0E9-93BE89BC3B25}.Release|Any CPU.ActiveCfg = Release|Any CPU
		{45EDFDB6-7BE8-4DB4-B0E9-93BE89BC3B25}.Release|Any CPU.Build.0 = Release|Any CPU
		{D8378535-0AD4-4F26-8A8D-3CFD1F59BD1F}.Debug|Any CPU.ActiveCfg = Debug|Any CPU
		{D8378535-0AD4-4F26-8A8D-3CFD1F59BD1F}.Debug|Any CPU.Build.0 = Debug|Any CPU
		{D8378535-0AD4-4F26-8A8D-3CFD1F59BD1F}.Release|Any CPU.ActiveCfg = Release|Any CPU
		{D8378535-0AD4-4F26-8A8D-3CFD1F59BD1F}.Release|Any CPU.Build.0 = Release|Any CPU
		{06123320-D1A6-41EE-902D-EEA07834948A}.Debug|Any CPU.ActiveCfg = Debug|Any CPU
		{06123320-D1A6-41EE-902D-EEA07834948A}.Debug|Any CPU.Build.0 = Debug|Any CPU
		{06123320-D1A6-41EE-902D-EEA07834948A}.Release|Any CPU.ActiveCfg = Release|Any CPU
		{06123320-D1A6-41EE-902D-EEA07834948A}.Release|Any CPU.Build.0 = Release|Any CPU
	EndGlobalSection
	GlobalSection(SolutionProperties) = preSolution
		HideSolutionNode = FALSE
	EndGlobalSection
	GlobalSection(ExtensibilityGlobals) = postSolution
		SolutionGuid = {CAC3B548-EB5D-46A1-9A5A-8EC9701573DA}
	EndGlobalSection
EndGlobal
