
Microsoft Visual Studio Solution File, Format Version 12.00
# Visual Studio Version 16
VisualStudioVersion = 16.0.31624.102
MinimumVisualStudioVersion = 10.0.40219.1
Project("{9A19103F-16F7-4668-BE54-9A1E7A4F7556}") = "0.设计模式", "Thomerson.DesignPattern\0.设计模式.csproj", "{DE37F0CD-851B-4CEB-80F2-66755039459A}"
EndProject
Project("{9A19103F-16F7-4668-BE54-9A1E7A4F7556}") = "01.单例模式", "单例模式\01.单例模式.csproj", "{45EDFDB6-7BE8-4DB4-B0E9-93BE89BC3B25}"
EndProject
Project("{9A19103F-16F7-4668-BE54-9A1E7A4F7556}") = "02.00简单工厂模式", "简单工厂模式\02.00简单工厂模式.csproj", "{D8378535-0AD4-4F26-8A8D-3CFD1F59BD1F}"
EndProject
Project("{9A19103F-16F7-4668-BE54-9A1E7A4F7556}") = "02.01.工厂方法模式", "工厂方法模式\02.01.工厂方法模式.csproj", "{06123320-D1A6-41EE-902D-EEA07834948A}"
EndProject
Project("{9A19103F-16F7-4668-BE54-9A1E7A4F7556}") = "03.抽象工厂模式", "抽象工厂模式\03.抽象工厂模式.csproj", "{12BD109A-F389-415B-981A-7783B26031CE}"
EndProject
Project("{9A19103F-16F7-4668-BE54-9A1E7A4F7556}") = "04.建造者模式", "建造者模式\04.建造者模式.csproj", "{3956A715-03B2-4C95-B55D-2B3466F1019C}"
EndProject
Project("{9A19103F-16F7-4668-BE54-9A1E7A4F7556}") = "05.原型模式", "原型模式\05.原型模式.csproj", "{6F10900D-EBC5-459A-8228-12274B11EED4}"
EndProject
Project("{9A19103F-16F7-4668-BE54-9A1E7A4F7556}") = "06.适配器模式", "适配器模式\06.适配器模式.csproj", "{91216EE1-87ED-42F0-A30C-36DAC1B02A61}"
EndProject
Project("{9A19103F-16F7-4668-BE54-9A1E7A4F7556}") = "07.桥接模式", "桥接模式\07.桥接模式.csproj", "{E82642F1-23AE-44C0-8259-3DA017ADAE98}"
EndProject
Project("{9A19103F-16F7-4668-BE54-9A1E7A4F7556}") = "10.装饰者模式", "装饰者模式\10.装饰者模式.csproj", "{6479CF5B-2F98-4945-A1CC-792EBB9C147E}"
EndProject
Project("{9A19103F-16F7-4668-BE54-9A1E7A4F7556}") = "09.组合模式", "组合模式\09.组合模式.csproj", "{27971FE1-3332-4DFE-99D8-6A10AE460BCB}"
EndProject
Project("{9A19103F-16F7-4668-BE54-9A1E7A4F7556}") = "11.外观模式", "外观模式\11.外观模式.csproj", "{1A477F4C-788E-4355-BD09-4BEC2AF5D499}"
EndProject
Project("{9A19103F-16F7-4668-BE54-9A1E7A4F7556}") = "12.享元模式", "享元模式\12.享元模式.csproj", "{0D8DBE3D-1CF5-42CB-9FB7-7441973BAC50}"
EndProject
Project("{9A19103F-16F7-4668-BE54-9A1E7A4F7556}") = "13.代理模式", "代理模式\13.代理模式.csproj", "{53DB65C4-D614-4F43-B2F4-996F822D812B}"
EndProject
Project("{9A19103F-16F7-4668-BE54-9A1E7A4F7556}") = "14.责任链模式", "责任链模式\14.责任链模式.csproj", "{0F259601-FEA8-4624-B365-4693B2D5D368}"
EndProject
Project("{9A19103F-16F7-4668-BE54-9A1E7A4F7556}") = "15.命令模式", "命令模式\15.命令模式.csproj", "{23C184ED-5C67-4F5E-9C09-490D11486F49}"
EndProject
Project("{9A19103F-16F7-4668-BE54-9A1E7A4F7556}") = "16.解释器模式", "解释器模式\16.解释器模式.csproj", "{D5C9B2C1-6A1E-4342-B1A8-02FB38347D98}"
EndProject
Project("{9A19103F-16F7-4668-BE54-9A1E7A4F7556}") = "迭代器模式", "迭代器模式\迭代器模式.csproj", "{773A23FF-23C8-4D13-BB2E-DCEE8BA38FAD}"
EndProject
Project("{9A19103F-16F7-4668-BE54-9A1E7A4F7556}") = "17.观察者模式", "观察者模式\17.观察者模式.csproj", "{57036BC4-4B89-4563-A47D-0941B91AA194}"
EndProject
Project("{9A19103F-16F7-4668-BE54-9A1E7A4F7556}") = "18.中介者模式", "中介者模式\18.中介者模式.csproj", "{DD98C6A1-3508-4F31-BDA8-B80F7C2901A3}"
EndProject
Project("{9A19103F-16F7-4668-BE54-9A1E7A4F7556}") = "19.状态者模式", "状态者模式\19.状态者模式.csproj", "{B1BF9299-5F7A-4DA9-975D-FC7EF0018C66}"
EndProject
Project("{9A19103F-16F7-4668-BE54-9A1E7A4F7556}") = "20.策略者模式", "策略者模式\20.策略者模式.csproj", "{44571475-B8F9-4F1A-BC76-4439E315FE3E}"
EndProject
Project("{9A19103F-16F7-4668-BE54-9A1E7A4F7556}") = "21.访问者模式", "访问者模式\21.访问者模式.csproj", "{76D26EE0-0641-4BAA-8624-D4E347308F92}"
EndProject
Project("{9A19103F-16F7-4668-BE54-9A1E7A4F7556}") = "22.备忘录模式", "备忘录模式\22.备忘录模式.csproj", "{74BA3346-A0ED-48F4-AA88-E57BB6C99B87}"
EndProject
Project("{9A19103F-16F7-4668-BE54-9A1E7A4F7556}") = "08.过滤器模式", "Thomerson.DesignPattern.FilterPattern\08.过滤器模式.csproj", "{87268020-8E80-4ACF-A193-31866C23B750}"
EndProject
Global
	GlobalSection(SolutionConfigurationPlatforms) = preSolution
		Debug|Any CPU = Debug|Any CPU
		Release|Any CPU = Release|Any CPU
	EndGlobalSection
	GlobalSection(ProjectConfigurationPlatforms) = postSolution
		{DE37F0CD-851B-4CEB-80F2-66755039459A}.Debug|Any CPU.ActiveCfg = Debug|Any CPU
		{DE37F0CD-851B-4CEB-80F2-66755039459A}.Debug|Any CPU.Build.0 = Debug|Any CPU
		{DE37F0CD-851B-4CEB-80F2-66755039459A}.Release|Any CPU.ActiveCfg = Release|Any CPU
		{DE37F0CD-851B-4CEB-80F2-66755039459A}.Release|Any CPU.Build.0 = Release|Any CPU
		{45EDFDB6-7BE8-4DB4-B0E9-93BE89BC3B25}.Debug|Any CPU.ActiveCfg = Debug|Any CPU
		{45EDFDB6-7BE8-4DB4-B0E9-93BE89BC3B25}.Debug|Any CPU.Build.0 = Debug|Any CPU
		{45EDFDB6-7BE8-4DB4-B0E9-93BE89BC3B25}.Release|Any CPU.ActiveCfg = Release|Any CPU
		{45EDFDB6-7BE8-4DB4-B0E9-93BE89BC3B25}.Release|Any CPU.Build.0 = Release|Any CPU
		{D8378535-0AD4-4F26-8A8D-3CFD1F59BD1F}.Debug|Any CPU.ActiveCfg = Debug|Any CPU
		{D8378535-0AD4-4F26-8A8D-3CFD1F59BD1F}.Debug|Any CPU.Build.0 = Debug|Any CPU
		{D8378535-0AD4-4F26-8A8D-3CFD1F59BD1F}.Release|Any CPU.ActiveCfg = Release|Any CPU
		{D8378535-0AD4-4F26-8A8D-3CFD1F59BD1F}.Release|Any CPU.Build.0 = Release|Any CPU
		{06123320-D1A6-41EE-902D-EEA07834948A}.Debug|Any CPU.ActiveCfg = Debug|Any CPU
		{06123320-D1A6-41EE-902D-EEA07834948A}.Debug|Any CPU.Build.0 = Debug|Any CPU
		{06123320-D1A6-41EE-902D-EEA07834948A}.Release|Any CPU.ActiveCfg = Release|Any CPU
		{06123320-D1A6-41EE-902D-EEA07834948A}.Release|Any CPU.Build.0 = Release|Any CPU
		{12BD109A-F389-415B-981A-7783B26031CE}.Debug|Any CPU.ActiveCfg = Debug|Any CPU
		{12BD109A-F389-415B-981A-7783B26031CE}.Debug|Any CPU.Build.0 = Debug|Any CPU
		{12BD109A-F389-415B-981A-7783B26031CE}.Release|Any CPU.ActiveCfg = Release|Any CPU
		{12BD109A-F389-415B-981A-7783B26031CE}.Release|Any CPU.Build.0 = Release|Any CPU
		{3956A715-03B2-4C95-B55D-2B3466F1019C}.Debug|Any CPU.ActiveCfg = Debug|Any CPU
		{3956A715-03B2-4C95-B55D-2B3466F1019C}.Debug|Any CPU.Build.0 = Debug|Any CPU
		{3956A715-03B2-4C95-B55D-2B3466F1019C}.Release|Any CPU.ActiveCfg = Release|Any CPU
		{3956A715-03B2-4C95-B55D-2B3466F1019C}.Release|Any CPU.Build.0 = Release|Any CPU
		{6F10900D-EBC5-459A-8228-12274B11EED4}.Debug|Any CPU.ActiveCfg = Debug|Any CPU
		{6F10900D-EBC5-459A-8228-12274B11EED4}.Debug|Any CPU.Build.0 = Debug|Any CPU
		{6F10900D-EBC5-459A-8228-12274B11EED4}.Release|Any CPU.ActiveCfg = Release|Any CPU
		{6F10900D-EBC5-459A-8228-12274B11EED4}.Release|Any CPU.Build.0 = Release|Any CPU
		{91216EE1-87ED-42F0-A30C-36DAC1B02A61}.Debug|Any CPU.ActiveCfg = Debug|Any CPU
		{91216EE1-87ED-42F0-A30C-36DAC1B02A61}.Debug|Any CPU.Build.0 = Debug|Any CPU
		{91216EE1-87ED-42F0-A30C-36DAC1B02A61}.Release|Any CPU.ActiveCfg = Release|Any CPU
		{91216EE1-87ED-42F0-A30C-36DAC1B02A61}.Release|Any CPU.Build.0 = Release|Any CPU
		{E82642F1-23AE-44C0-8259-3DA017ADAE98}.Debug|Any CPU.ActiveCfg = Debug|Any CPU
		{E82642F1-23AE-44C0-8259-3DA017ADAE98}.Debug|Any CPU.Build.0 = Debug|Any CPU
		{E82642F1-23AE-44C0-8259-3DA017ADAE98}.Release|Any CPU.ActiveCfg = Release|Any CPU
		{E82642F1-23AE-44C0-8259-3DA017ADAE98}.Release|Any CPU.Build.0 = Release|Any CPU
		{6479CF5B-2F98-4945-A1CC-792EBB9C147E}.Debug|Any CPU.ActiveCfg = Debug|Any CPU
		{6479CF5B-2F98-4945-A1CC-792EBB9C147E}.Debug|Any CPU.Build.0 = Debug|Any CPU
		{6479CF5B-2F98-4945-A1CC-792EBB9C147E}.Release|Any CPU.ActiveCfg = Release|Any CPU
		{6479CF5B-2F98-4945-A1CC-792EBB9C147E}.Release|Any CPU.Build.0 = Release|Any CPU
		{27971FE1-3332-4DFE-99D8-6A10AE460BCB}.Debug|Any CPU.ActiveCfg = Debug|Any CPU
		{27971FE1-3332-4DFE-99D8-6A10AE460BCB}.Debug|Any CPU.Build.0 = Debug|Any CPU
		{27971FE1-3332-4DFE-99D8-6A10AE460BCB}.Release|Any CPU.ActiveCfg = Release|Any CPU
		{27971FE1-3332-4DFE-99D8-6A10AE460BCB}.Release|Any CPU.Build.0 = Release|Any CPU
		{1A477F4C-788E-4355-BD09-4BEC2AF5D499}.Debug|Any CPU.ActiveCfg = Debug|Any CPU
		{1A477F4C-788E-4355-BD09-4BEC2AF5D499}.Debug|Any CPU.Build.0 = Debug|Any CPU
		{1A477F4C-788E-4355-BD09-4BEC2AF5D499}.Release|Any CPU.ActiveCfg = Release|Any CPU
		{1A477F4C-788E-4355-BD09-4BEC2AF5D499}.Release|Any CPU.Build.0 = Release|Any CPU
		{0D8DBE3D-1CF5-42CB-9FB7-7441973BAC50}.Debug|Any CPU.ActiveCfg = Debug|Any CPU
		{0D8DBE3D-1CF5-42CB-9FB7-7441973BAC50}.Debug|Any CPU.Build.0 = Debug|Any CPU
		{0D8DBE3D-1CF5-42CB-9FB7-7441973BAC50}.Release|Any CPU.ActiveCfg = Release|Any CPU
		{0D8DBE3D-1CF5-42CB-9FB7-7441973BAC50}.Release|Any CPU.Build.0 = Release|Any CPU
		{53DB65C4-D614-4F43-B2F4-996F822D812B}.Debug|Any CPU.ActiveCfg = Debug|Any CPU
		{53DB65C4-D614-4F43-B2F4-996F822D812B}.Debug|Any CPU.Build.0 = Debug|Any CPU
		{53DB65C4-D614-4F43-B2F4-996F822D812B}.Release|Any CPU.ActiveCfg = Release|Any CPU
		{53DB65C4-D614-4F43-B2F4-996F822D812B}.Release|Any CPU.Build.0 = Release|Any CPU
		{0F259601-FEA8-4624-B365-4693B2D5D368}.Debug|Any CPU.ActiveCfg = Debug|Any CPU
		{0F259601-FEA8-4624-B365-4693B2D5D368}.Debug|Any CPU.Build.0 = Debug|Any CPU
		{0F259601-FEA8-4624-B365-4693B2D5D368}.Release|Any CPU.ActiveCfg = Release|Any CPU
		{0F259601-FEA8-4624-B365-4693B2D5D368}.Release|Any CPU.Build.0 = Release|Any CPU
		{23C184ED-5C67-4F5E-9C09-490D11486F49}.Debug|Any CPU.ActiveCfg = Debug|Any CPU
		{23C184ED-5C67-4F5E-9C09-490D11486F49}.Debug|Any CPU.Build.0 = Debug|Any CPU
		{23C184ED-5C67-4F5E-9C09-490D11486F49}.Release|Any CPU.ActiveCfg = Release|Any CPU
		{23C184ED-5C67-4F5E-9C09-490D11486F49}.Release|Any CPU.Build.0 = Release|Any CPU
		{D5C9B2C1-6A1E-4342-B1A8-02FB38347D98}.Debug|Any CPU.ActiveCfg = Debug|Any CPU
		{D5C9B2C1-6A1E-4342-B1A8-02FB38347D98}.Debug|Any CPU.Build.0 = Debug|Any CPU
		{D5C9B2C1-6A1E-4342-B1A8-02FB38347D98}.Release|Any CPU.ActiveCfg = Release|Any CPU
		{D5C9B2C1-6A1E-4342-B1A8-02FB38347D98}.Release|Any CPU.Build.0 = Release|Any CPU
		{773A23FF-23C8-4D13-BB2E-DCEE8BA38FAD}.Debug|Any CPU.ActiveCfg = Debug|Any CPU
		{773A23FF-23C8-4D13-BB2E-DCEE8BA38FAD}.Debug|Any CPU.Build.0 = Debug|Any CPU
		{773A23FF-23C8-4D13-BB2E-DCEE8BA38FAD}.Release|Any CPU.ActiveCfg = Release|Any CPU
		{773A23FF-23C8-4D13-BB2E-DCEE8BA38FAD}.Release|Any CPU.Build.0 = Release|Any CPU
		{57036BC4-4B89-4563-A47D-0941B91AA194}.Debug|Any CPU.ActiveCfg = Debug|Any CPU
		{57036BC4-4B89-4563-A47D-0941B91AA194}.Debug|Any CPU.Build.0 = Debug|Any CPU
		{57036BC4-4B89-4563-A47D-0941B91AA194}.Release|Any CPU.ActiveCfg = Release|Any CPU
		{57036BC4-4B89-4563-A47D-0941B91AA194}.Release|Any CPU.Build.0 = Release|Any CPU
		{DD98C6A1-3508-4F31-BDA8-B80F7C2901A3}.Debug|Any CPU.ActiveCfg = Debug|Any CPU
		{DD98C6A1-3508-4F31-BDA8-B80F7C2901A3}.Debug|Any CPU.Build.0 = Debug|Any CPU
		{DD98C6A1-3508-4F31-BDA8-B80F7C2901A3}.Release|Any CPU.ActiveCfg = Release|Any CPU
		{DD98C6A1-3508-4F31-BDA8-B80F7C2901A3}.Release|Any CPU.Build.0 = Release|Any CPU
		{B1BF9299-5F7A-4DA9-975D-FC7EF0018C66}.Debug|Any CPU.ActiveCfg = Debug|Any CPU
		{B1BF9299-5F7A-4DA9-975D-FC7EF0018C66}.Debug|Any CPU.Build.0 = Debug|Any CPU
		{B1BF9299-5F7A-4DA9-975D-FC7EF0018C66}.Release|Any CPU.ActiveCfg = Release|Any CPU
		{B1BF9299-5F7A-4DA9-975D-FC7EF0018C66}.Release|Any CPU.Build.0 = Release|Any CPU
		{44571475-B8F9-4F1A-BC76-4439E315FE3E}.Debug|Any CPU.ActiveCfg = Debug|Any CPU
		{44571475-B8F9-4F1A-BC76-4439E315FE3E}.Debug|Any CPU.Build.0 = Debug|Any CPU
		{44571475-B8F9-4F1A-BC76-4439E315FE3E}.Release|Any CPU.ActiveCfg = Release|Any CPU
		{44571475-B8F9-4F1A-BC76-4439E315FE3E}.Release|Any CPU.Build.0 = Release|Any CPU
		{76D26EE0-0641-4BAA-8624-D4E347308F92}.Debug|Any CPU.ActiveCfg = Debug|Any CPU
		{76D26EE0-0641-4BAA-8624-D4E347308F92}.Debug|Any CPU.Build.0 = Debug|Any CPU
		{76D26EE0-0641-4BAA-8624-D4E347308F92}.Release|Any CPU.ActiveCfg = Release|Any CPU
		{76D26EE0-0641-4BAA-8624-D4E347308F92}.Release|Any CPU.Build.0 = Release|Any CPU
		{74BA3346-A0ED-48F4-AA88-E57BB6C99B87}.Debug|Any CPU.ActiveCfg = Debug|Any CPU
		{74BA3346-A0ED-48F4-AA88-E57BB6C99B87}.Debug|Any CPU.Build.0 = Debug|Any CPU
		{74BA3346-A0ED-48F4-AA88-E57BB6C99B87}.Release|Any CPU.ActiveCfg = Release|Any CPU
		{74BA3346-A0ED-48F4-AA88-E57BB6C99B87}.Release|Any CPU.Build.0 = Release|Any CPU
		{87268020-8E80-4ACF-A193-31866C23B750}.Debug|Any CPU.ActiveCfg = Debug|Any CPU
		{87268020-8E80-4ACF-A193-31866C23B750}.Debug|Any CPU.Build.0 = Debug|Any CPU
		{87268020-8E80-4ACF-A193-31866C23B750}.Release|Any CPU.ActiveCfg = Release|Any CPU
		{87268020-8E80-4ACF-A193-31866C23B750}.Release|Any CPU.Build.0 = Release|Any CPU
	EndGlobalSection
	GlobalSection(SolutionProperties) = preSolution
		HideSolutionNode = FALSE
	EndGlobalSection
	GlobalSection(ExtensibilityGlobals) = postSolution
		SolutionGuid = {CAC3B548-EB5D-46A1-9A5A-8EC9701573DA}
	EndGlobalSection
EndGlobal
